
Microsoft Visual Studio Solution File, Format Version 12.00
# Visual Studio 2012
Project("{FAE04EC0-301F-11D3-BF4B-00C04F79EFBC}") = "Asteroids", "Asteroids\Asteroids\Asteroids.csproj", "{19ECD01B-23CB-40EE-AE97-01E24B8FD747}"
EndProject
Project("{96E2B04D-8817-42C6-938A-82C39BA4D311}") = "AsteroidsContent", "Asteroids\AsteroidsContent\AsteroidsContent.contentproj", "{9810B619-AF12-48AD-AFB6-89F385D89C10}"
EndProject
Global
	GlobalSection(SolutionConfigurationPlatforms) = preSolution
		Debug|x86 = Debug|x86
		Release|x86 = Release|x86
	EndGlobalSection
	GlobalSection(ProjectConfigurationPlatforms) = postSolution
		{19ECD01B-23CB-40EE-AE97-01E24B8FD747}.Debug|x86.ActiveCfg = Debug|x86
		{19ECD01B-23CB-40EE-AE97-01E24B8FD747}.Debug|x86.Build.0 = Debug|x86
		{19ECD01B-23CB-40EE-AE97-01E24B8FD747}.Release|x86.ActiveCfg = Release|x86
		{19ECD01B-23CB-40EE-AE97-01E24B8FD747}.Release|x86.Build.0 = Release|x86
		{9810B619-AF12-48AD-AFB6-89F385D89C10}.Debug|x86.ActiveCfg = Debug|x86
		{9810B619-AF12-48AD-AFB6-89F385D89C10}.Release|x86.ActiveCfg = Release|x86
	EndGlobalSection
	GlobalSection(SolutionProperties) = preSolution
		HideSolutionNode = FALSE
	EndGlobalSection
EndGlobal
